// !$*UTF8*$!
{
	archiveVersion = 1;
	classes = {
	};
	objectVersion = 46;
	objects = {

/* Begin PBXBuildFile section */
		8A0D75A21669731F003536B9 /* Default-568h@2x.png in Resources */ = {isa = PBXBuildFile; fileRef = 8A0D75A11669731F003536B9 /* Default-568h@2x.png */; };
		CB2C25FB1651647000965CA4 /* UIKit.framework in Frameworks */ = {isa = PBXBuildFile; fileRef = CB2C25FA1651647000965CA4 /* UIKit.framework */; };
		CB2C25FD1651647000965CA4 /* Foundation.framework in Frameworks */ = {isa = PBXBuildFile; fileRef = CB2C25FC1651647000965CA4 /* Foundation.framework */; };
		CB2C25FF1651647000965CA4 /* CoreGraphics.framework in Frameworks */ = {isa = PBXBuildFile; fileRef = CB2C25FE1651647000965CA4 /* CoreGraphics.framework */; };
		CB2C26051651647000965CA4 /* InfoPlist.strings in Resources */ = {isa = PBXBuildFile; fileRef = CB2C26031651647000965CA4 /* InfoPlist.strings */; };
		CB2C26071651647000965CA4 /* main.m in Sources */ = {isa = PBXBuildFile; fileRef = CB2C26061651647000965CA4 /* main.m */; };
		CB2C260B1651647000965CA4 /* InstaPopularAppDelegate.m in Sources */ = {isa = PBXBuildFile; fileRef = CB2C260A1651647000965CA4 /* InstaPopularAppDelegate.m */; };
		CB2FCDE91651C5CA00F66BB1 /* InstaImage.m in Sources */ = {isa = PBXBuildFile; fileRef = CB2FCDE81651C5CA00F66BB1 /* InstaImage.m */; };
		CB2FCDF81651CCEF00F66BB1 /* InstaPopularTableViewController.m in Sources */ = {isa = PBXBuildFile; fileRef = CB2FCDF71651CCEF00F66BB1 /* InstaPopularTableViewController.m */; };
/* End PBXBuildFile section */

/* Begin PBXFileReference section */
		8A0D75A11669731F003536B9 /* Default-568h@2x.png */ = {isa = PBXFileReference; lastKnownFileType = image.png; path = "Default-568h@2x.png"; sourceTree = "<group>"; };
		CB2C25F61651647000965CA4 /* InstaPopular.app */ = {isa = PBXFileReference; explicitFileType = wrapper.application; includeInIndex = 0; path = InstaPopular.app; sourceTree = BUILT_PRODUCTS_DIR; };
		CB2C25FA1651647000965CA4 /* UIKit.framework */ = {isa = PBXFileReference; lastKnownFileType = wrapper.framework; name = UIKit.framework; path = System/Library/Frameworks/UIKit.framework; sourceTree = SDKROOT; };
		CB2C25FC1651647000965CA4 /* Foundation.framework */ = {isa = PBXFileReference; lastKnownFileType = wrapper.framework; name = Foundation.framework; path = System/Library/Frameworks/Foundation.framework; sourceTree = SDKROOT; };
		CB2C25FE1651647000965CA4 /* CoreGraphics.framework */ = {isa = PBXFileReference; lastKnownFileType = wrapper.framework; name = CoreGraphics.framework; path = System/Library/Frameworks/CoreGraphics.framework; sourceTree = SDKROOT; };
		CB2C26021651647000965CA4 /* InstaPopular-Info.plist */ = {isa = PBXFileReference; lastKnownFileType = text.plist.xml; path = "InstaPopular-Info.plist"; sourceTree = "<group>"; };
		CB2C26041651647000965CA4 /* en */ = {isa = PBXFileReference; lastKnownFileType = text.plist.strings; name = en; path = en.lproj/InfoPlist.strings; sourceTree = "<group>"; };
		CB2C26061651647000965CA4 /* main.m */ = {isa = PBXFileReference; lastKnownFileType = sourcecode.c.objc; path = main.m; sourceTree = "<group>"; };
		CB2C26081651647000965CA4 /* InstaPopular-Prefix.pch */ = {isa = PBXFileReference; lastKnownFileType = sourcecode.c.h; path = "InstaPopular-Prefix.pch"; sourceTree = "<group>"; };
		CB2C26091651647000965CA4 /* InstaPopularAppDelegate.h */ = {isa = PBXFileReference; lastKnownFileType = sourcecode.c.h; path = InstaPopularAppDelegate.h; sourceTree = "<group>"; };
		CB2C260A1651647000965CA4 /* InstaPopularAppDelegate.m */ = {isa = PBXFileReference; lastKnownFileType = sourcecode.c.objc; path = InstaPopularAppDelegate.m; sourceTree = "<group>"; };
		CB2FCDE71651C5CA00F66BB1 /* InstaImage.h */ = {isa = PBXFileReference; fileEncoding = 4; lastKnownFileType = sourcecode.c.h; path = InstaImage.h; sourceTree = "<group>"; };
		CB2FCDE81651C5CA00F66BB1 /* InstaImage.m */ = {isa = PBXFileReference; fileEncoding = 4; lastKnownFileType = sourcecode.c.objc; path = InstaImage.m; sourceTree = "<group>"; };
		CB2FCDF61651CCEF00F66BB1 /* InstaPopularTableViewController.h */ = {isa = PBXFileReference; fileEncoding = 4; lastKnownFileType = sourcecode.c.h; path = InstaPopularTableViewController.h; sourceTree = "<group>"; };
		CB2FCDF71651CCEF00F66BB1 /* InstaPopularTableViewController.m */ = {isa = PBXFileReference; fileEncoding = 4; lastKnownFileType = sourcecode.c.objc; path = InstaPopularTableViewController.m; sourceTree = "<group>"; };
/* End PBXFileReference section */

/* Begin PBXFrameworksBuildPhase section */
		CB2C25F31651646F00965CA4 /* Frameworks */ = {
			isa = PBXFrameworksBuildPhase;
			buildActionMask = 2147483647;
			files = (
				CB2C25FB1651647000965CA4 /* UIKit.framework in Frameworks */,
				CB2C25FD1651647000965CA4 /* Foundation.framework in Frameworks */,
				CB2C25FF1651647000965CA4 /* CoreGraphics.framework in Frameworks */,
			);
			runOnlyForDeploymentPostprocessing = 0;
		};
/* End PBXFrameworksBuildPhase section */

/* Begin PBXGroup section */
		CB2C25EB1651646E00965CA4 = {
			isa = PBXGroup;
			children = (
				8A0D75A11669731F003536B9 /* Default-568h@2x.png */,
				CB2C26001651647000965CA4 /* InstaPopular */,
				CB2C25F91651647000965CA4 /* Frameworks */,
				CB2C25F71651647000965CA4 /* Products */,
			);
			sourceTree = "<group>";
		};
		CB2C25F71651647000965CA4 /* Products */ = {
			isa = PBXGroup;
			children = (
				CB2C25F61651647000965CA4 /* InstaPopular.app */,
			);
			name = Products;
			sourceTree = "<group>";
		};
		CB2C25F91651647000965CA4 /* Frameworks */ = {
			isa = PBXGroup;
			children = (
				CB2C25FA1651647000965CA4 /* UIKit.framework */,
				CB2C25FC1651647000965CA4 /* Foundation.framework */,
				CB2C25FE1651647000965CA4 /* CoreGraphics.framework */,
			);
			name = Frameworks;
			sourceTree = "<group>";
		};
		CB2C26001651647000965CA4 /* InstaPopular */ = {
			isa = PBXGroup;
			children = (
				CB2C26091651647000965CA4 /* InstaPopularAppDelegate.h */,
				CB2C260A1651647000965CA4 /* InstaPopularAppDelegate.m */,
				CB2FCDE71651C5CA00F66BB1 /* InstaImage.h */,
				CB2FCDE81651C5CA00F66BB1 /* InstaImage.m */,
				CB2FCDF61651CCEF00F66BB1 /* InstaPopularTableViewController.h */,
				CB2FCDF71651CCEF00F66BB1 /* InstaPopularTableViewController.m */,
				CB2C26011651647000965CA4 /* Supporting Files */,
			);
			path = InstaPopular;
			sourceTree = "<group>";
		};
		CB2C26011651647000965CA4 /* Supporting Files */ = {
			isa = PBXGroup;
			children = (
				CB2C26021651647000965CA4 /* InstaPopular-Info.plist */,
				CB2C26031651647000965CA4 /* InfoPlist.strings */,
				CB2C26061651647000965CA4 /* main.m */,
				CB2C26081651647000965CA4 /* InstaPopular-Prefix.pch */,
			);
			name = "Supporting Files";
			sourceTree = "<group>";
		};
/* End PBXGroup section */

/* Begin PBXNativeTarget section */
		CB2C25F51651646F00965CA4 /* InstaPopular */ = {
			isa = PBXNativeTarget;
			buildConfigurationList = CB2C26171651647000965CA4 /* Build configuration list for PBXNativeTarget "InstaPopular" */;
			buildPhases = (
				CB2C25F21651646F00965CA4 /* Sources */,
				CB2C25F31651646F00965CA4 /* Frameworks */,
				CB2C25F41651646F00965CA4 /* Resources */,
			);
			buildRules = (
			);
			dependencies = (
			);
			name = InstaPopular;
			productName = InstaPopular;
			productReference = CB2C25F61651647000965CA4 /* InstaPopular.app */;
			productType = "com.apple.product-type.application";
		};
/* End PBXNativeTarget section */

/* Begin PBXProject section */
		CB2C25ED1651646F00965CA4 /* Project object */ = {
			isa = PBXProject;
			attributes = {
				LastUpgradeCheck = 0420;
			};
			buildConfigurationList = CB2C25F01651646F00965CA4 /* Build configuration list for PBXProject "InstaPopular" */;
			compatibilityVersion = "Xcode 3.2";
			developmentRegion = English;
			hasScannedForEncodings = 0;
			knownRegions = (
				en,
			);
			mainGroup = CB2C25EB1651646E00965CA4;
			productRefGroup = CB2C25F71651647000965CA4 /* Products */;
			projectDirPath = "";
			projectRoot = "";
			targets = (
				CB2C25F51651646F00965CA4 /* InstaPopular */,
			);
		};
/* End PBXProject section */

/* Begin PBXResourcesBuildPhase section */
		CB2C25F41651646F00965CA4 /* Resources */ = {
			isa = PBXResourcesBuildPhase;
			buildActionMask = 2147483647;
			files = (
				CB2C26051651647000965CA4 /* InfoPlist.strings in Resources */,
				8A0D75A21669731F003536B9 /* Default-568h@2x.png in Resources */,
			);
			runOnlyForDeploymentPostprocessing = 0;
		};
/* End PBXResourcesBuildPhase section */

/* Begin PBXSourcesBuildPhase section */
		CB2C25F21651646F00965CA4 /* Sources */ = {
			isa = PBXSourcesBuildPhase;
			buildActionMask = 2147483647;
			files = (
				CB2C26071651647000965CA4 /* main.m in Sources */,
				CB2C260B1651647000965CA4 /* InstaPopularAppDelegate.m in Sources */,
				CB2FCDE91651C5CA00F66BB1 /* InstaImage.m in Sources */,
				CB2FCDF81651CCEF00F66BB1 /* InstaPopularTableViewController.m in Sources */,
			);
			runOnlyForDeploymentPostprocessing = 0;
		};
/* End PBXSourcesBuildPhase section */

/* Begin PBXVariantGroup section */
		CB2C26031651647000965CA4 /* InfoPlist.strings */ = {
			isa = PBXVariantGroup;
			children = (
				CB2C26041651647000965CA4 /* en */,
			);
			name = InfoPlist.strings;
			sourceTree = "<group>";
		};
/* End PBXVariantGroup section */

/* Begin XCBuildConfiguration section */
		CB2C26151651647000965CA4 /* Debug */ = {
			isa = XCBuildConfiguration;
			buildSettings = {
				ALWAYS_SEARCH_USER_PATHS = NO;
				ARCHS = "$(ARCHS_STANDARD_32_BIT)";
				"CODE_SIGN_IDENTITY[sdk=iphoneos*]" = "iPhone Developer";
				COPY_PHASE_STRIP = NO;
				GCC_C_LANGUAGE_STANDARD = gnu99;
				GCC_DYNAMIC_NO_PIC = NO;
				GCC_OPTIMIZATION_LEVEL = 0;
				GCC_PREPROCESSOR_DEFINITIONS = (
					"DEBUG=1",
					"$(inherited)",
				);
				GCC_SYMBOLS_PRIVATE_EXTERN = NO;
				GCC_VERSION = com.apple.compilers.llvm.clang.1_0;
				GCC_WARN_ABOUT_MISSING_PROTOTYPES = YES;
				GCC_WARN_ABOUT_RETURN_TYPE = YES;
				GCC_WARN_UNUSED_VARIABLE = YES;
				IPHONEOS_DEPLOYMENT_TARGET = 5.0;
				SDKROOT = iphoneos;
				TARGETED_DEVICE_FAMILY = "1,2";
			};
			name = Debug;
		};
		CB2C26161651647000965CA4 /* Release */ = {
			isa = XCBuildConfiguration;
			buildSettings = {
				ALWAYS_SEARCH_USER_PATHS = NO;
				ARCHS = "$(ARCHS_STANDARD_32_BIT)";
				"CODE_SIGN_IDENTITY[sdk=iphoneos*]" = "iPhone Developer";
				COPY_PHASE_STRIP = YES;
				GCC_C_LANGUAGE_STANDARD = gnu99;
				GCC_VERSION = com.apple.compilers.llvm.clang.1_0;
				GCC_WARN_ABOUT_MISSING_PROTOTYPES = YES;
				GCC_WARN_ABOUT_RETURN_TYPE = YES;
				GCC_WARN_UNUSED_VARIABLE = YES;
				IPHONEOS_DEPLOYMENT_TARGET = 5.0;
				OTHER_CFLAGS = "-DNS_BLOCK_ASSERTIONS=1";
				SDKROOT = iphoneos;
				TARGETED_DEVICE_FAMILY = "1,2";
				VALIDATE_PRODUCT = YES;
			};
			name = Release;
		};
		CB2C26181651647000965CA4 /* Debug */ = {
			isa = XCBuildConfiguration;
			buildSettings = {
				GCC_PRECOMPILE_PREFIX_HEADER = YES;
				GCC_PREFIX_HEADER = "InstaPopular/InstaPopular-Prefix.pch";
				INFOPLIST_FILE = "InstaPopular/InstaPopular-Info.plist";
				PRODUCT_NAME = "$(TARGET_NAME)";
				WRAPPER_EXTENSION = app;
			};
			name = Debug;
		};
		CB2C26191651647000965CA4 /* Release */ = {
			isa = XCBuildConfiguration;
			buildSettings = {
				GCC_PRECOMPILE_PREFIX_HEADER = YES;
				GCC_PREFIX_HEADER = "InstaPopular/InstaPopular-Prefix.pch";
				INFOPLIST_FILE = "InstaPopular/InstaPopular-Info.plist";
				PRODUCT_NAME = "$(TARGET_NAME)";
				WRAPPER_EXTENSION = app;
			};
			name = Release;
		};
/* End XCBuildConfiguration section */

/* Begin XCConfigurationList section */
		CB2C25F01651646F00965CA4 /* Build configuration list for PBXProject "InstaPopular" */ = {
			isa = XCConfigurationList;
			buildConfigurations = (
				CB2C26151651647000965CA4 /* Debug */,
				CB2C26161651647000965CA4 /* Release */,
			);
			defaultConfigurationIsVisible = 0;
			defaultConfigurationName = Release;
		};
		CB2C26171651647000965CA4 /* Build configuration list for PBXNativeTarget "InstaPopular" */ = {
			isa = XCConfigurationList;
			buildConfigurations = (
				CB2C26181651647000965CA4 /* Debug */,
				CB2C26191651647000965CA4 /* Release */,
			);
			defaultConfigurationIsVisible = 0;
			defaultConfigurationName = Release;
		};
/* End XCConfigurationList section */
	};
	rootObject = CB2C25ED1651646F00965CA4 /* Project object */;
}
